{
  "name": "smart_contracts",
  "version": "1.0.0",
  "lockfileVersion": 1,
  "requires": true,
  "dependencies": {
    "openzeppelin-solidity": {
      "version": "2.0.0-rc.1",
      "resolved": "https://registry.npmjs.org/openzeppelin-solidity/-/openzeppelin-solidity-2.0.0-rc.1.tgz",
      "integrity": "sha512-ibGIkt71Kn7NIGHj5UzC/phaLTIlzTkB30H8dBaSzO4h5R576GiETEy2isONqd0QioYec1JsForJJNx8lx7PMg=="
    }
  }
}
